# This file is automatically @generated by Cargo.
# It is not intended for manual editing.
version = 3

[[package]]
name = "bitflags"
version = "2.5.0"
source = "registry+https://github.com/rust-lang/crates.io-index"
checksum = "cf4b9d6a944f767f8e5e0db018570623c85f3d925ac718db4e06d0187adb21c1"

[[package]]
name = "core-foundation"
version = "0.9.4"
source = "registry+https://github.com/rust-lang/crates.io-index"
checksum = "91e195e091a93c46f7102ec7818a2aa394e1e1771c3ab4825963fa03e45afb8f"
dependencies = [
 "core-foundation-sys",
 "libc",
]

[[package]]
name = "core-foundation-sys"
version = "0.8.6"
source = "registry+https://github.com/rust-lang/crates.io-index"
checksum = "06ea2b9bc92be3c2baa9334a323ebca2d6f074ff852cd1d7b11064035cd3868f"

[[package]]
name = "libc"
version = "0.2.154"
source = "registry+https://github.com/rust-lang/crates.io-index"
checksum = "ae743338b92ff9146ce83992f766a31066a91a8c84a45e0e9f21e7cf6de6d346"

[[package]]
name = "security-framework"
version = "2.11.0"
source = "registry+https://github.com/rust-lang/crates.io-index"
checksum = "c627723fd09706bacdb5cf41499e95098555af3c3c29d014dc3c458ef6be11c0"
dependencies = [
 "bitflags",
 "core-foundation",
 "core-foundation-sys",
 "libc",
 "security-framework-sys",
]

[[package]]
name = "security-framework-sys"
version = "2.11.0"
source = "registry+https://github.com/rust-lang/crates.io-index"
checksum = "317936bbbd05227752583946b9e66d7ce3b489f84e11a94a510b4437fef407d7"
dependencies = [
 "core-foundation-sys",
 "libc",
]

[[package]]
name = "security_framework_crate_test"
version = "0.1.0"
dependencies = [
 "core-foundation",
 "security-framework",
]
